// !$*UTF8*$!
{
	archiveVersion = 1;
	classes = {
	};
	objectVersion = 50;
	objects = {

/* Begin PBXBuildFile section */
		3BFB7EB2230DE6B900D0F8F4 /* AppDelegate.swift in Sources */ = {isa = PBXBuildFile; fileRef = 3BFB7EB1230DE6B900D0F8F4 /* AppDelegate.swift */; };
		3BFB7EB4230DE6B900D0F8F4 /* SceneDelegate.swift in Sources */ = {isa = PBXBuildFile; fileRef = 3BFB7EB3230DE6B900D0F8F4 /* SceneDelegate.swift */; };
		3BFB7EB6230DE6B900D0F8F4 /* ContentView.swift in Sources */ = {isa = PBXBuildFile; fileRef = 3BFB7EB5230DE6B900D0F8F4 /* ContentView.swift */; };
		3BFB7EB8230DE6BA00D0F8F4 /* Assets.xcassets in Resources */ = {isa = PBXBuildFile; fileRef = 3BFB7EB7230DE6BA00D0F8F4 /* Assets.xcassets */; };
		3BFB7EBB230DE6BA00D0F8F4 /* Preview Assets.xcassets in Resources */ = {isa = PBXBuildFile; fileRef = 3BFB7EBA230DE6BA00D0F8F4 /* Preview Assets.xcassets */; };
		3BFB7EBE230DE6BA00D0F8F4 /* LaunchScreen.storyboard in Resources */ = {isa = PBXBuildFile; fileRef = 3BFB7EBC230DE6BA00D0F8F4 /* LaunchScreen.storyboard */; };
		3BFB7EC9230DE6BA00D0F8F4 /* TextLinesTests.swift in Sources */ = {isa = PBXBuildFile; fileRef = 3BFB7EC8230DE6BA00D0F8F4 /* TextLinesTests.swift */; };
/* End PBXBuildFile section */

/* Begin PBXContainerItemProxy section */
		3BFB7EC5230DE6BA00D0F8F4 /* PBXContainerItemProxy */ = {
			isa = PBXContainerItemProxy;
			containerPortal = 3BFB7EA6230DE6B800D0F8F4 /* Project object */;
			proxyType = 1;
			remoteGlobalIDString = 3BFB7EAD230DE6B800D0F8F4;
			remoteInfo = TextLines;
		};
/* End PBXContainerItemProxy section */

/* Begin PBXFileReference section */
		3BFB7EAE230DE6B800D0F8F4 /* TextLines.app */ = {isa = PBXFileReference; explicitFileType = wrapper.application; includeInIndex = 0; path = TextLines.app; sourceTree = BUILT_PRODUCTS_DIR; };
		3BFB7EB1230DE6B900D0F8F4 /* AppDelegate.swift */ = {isa = PBXFileReference; lastKnownFileType = sourcecode.swift; path = AppDelegate.swift; sourceTree = "<group>"; };
		3BFB7EB3230DE6B900D0F8F4 /* SceneDelegate.swift */ = {isa = PBXFileReference; lastKnownFileType = sourcecode.swift; path = SceneDelegate.swift; sourceTree = "<group>"; };
		3BFB7EB5230DE6B900D0F8F4 /* ContentView.swift */ = {isa = PBXFileReference; lastKnownFileType = sourcecode.swift; path = ContentView.swift; sourceTree = "<group>"; };
		3BFB7EB7230DE6BA00D0F8F4 /* Assets.xcassets */ = {isa = PBXFileReference; lastKnownFileType = folder.assetcatalog; path = Assets.xcassets; sourceTree = "<group>"; };
		3BFB7EBA230DE6BA00D0F8F4 /* Preview Assets.xcassets */ = {isa = PBXFileReference; lastKnownFileType = folder.assetcatalog; path = "Preview Assets.xcassets"; sourceTree = "<group>"; };
		3BFB7EBD230DE6BA00D0F8F4 /* Base */ = {isa = PBXFileReference; lastKnownFileType = file.storyboard; name = Base; path = Base.lproj/LaunchScreen.storyboard; sourceTree = "<group>"; };
		3BFB7EBF230DE6BA00D0F8F4 /* Info.plist */ = {isa = PBXFileReference; lastKnownFileType = text.plist.xml; path = Info.plist; sourceTree = "<group>"; };
		3BFB7EC4230DE6BA00D0F8F4 /* TextLinesTests.xctest */ = {isa = PBXFileReference; explicitFileType = wrapper.cfbundle; includeInIndex = 0; path = TextLinesTests.xctest; sourceTree = BUILT_PRODUCTS_DIR; };
		3BFB7EC8230DE6BA00D0F8F4 /* TextLinesTests.swift */ = {isa = PBXFileReference; lastKnownFileType = sourcecode.swift; path = TextLinesTests.swift; sourceTree = "<group>"; };
		3BFB7ECA230DE6BA00D0F8F4 /* Info.plist */ = {isa = PBXFileReference; lastKnownFileType = text.plist.xml; path = Info.plist; sourceTree = "<group>"; };
/* End PBXFileReference section */

/* Begin PBXFrameworksBuildPhase section */
		3BFB7EAB230DE6B800D0F8F4 /* Frameworks */ = {
			isa = PBXFrameworksBuildPhase;
			buildActionMask = 2147483647;
			files = (
			);
			runOnlyForDeploymentPostprocessing = 0;
		};
		3BFB7EC1230DE6BA00D0F8F4 /* Frameworks */ = {
			isa = PBXFrameworksBuildPhase;
			buildActionMask = 2147483647;
			files = (
			);
			runOnlyForDeploymentPostprocessing = 0;
		};
/* End PBXFrameworksBuildPhase section */

/* Begin PBXGroup section */
		3BFB7EA5230DE6B800D0F8F4 = {
			isa = PBXGroup;
			children = (
				3BFB7EB0230DE6B800D0F8F4 /* TextLines */,
				3BFB7EC7230DE6BA00D0F8F4 /* TextLinesTests */,
				3BFB7EAF230DE6B800D0F8F4 /* Products */,
			);
			sourceTree = "<group>";
		};
		3BFB7EAF230DE6B800D0F8F4 /* Products */ = {
			isa = PBXGroup;
			children = (
				3BFB7EAE230DE6B800D0F8F4 /* TextLines.app */,
				3BFB7EC4230DE6BA00D0F8F4 /* TextLinesTests.xctest */,
			);
			name = Products;
			sourceTree = "<group>";
		};
		3BFB7EB0230DE6B800D0F8F4 /* TextLines */ = {
			isa = PBXGroup;
			children = (
				3BFB7EB1230DE6B900D0F8F4 /* AppDelegate.swift */,
				3BFB7EB3230DE6B900D0F8F4 /* SceneDelegate.swift */,
				3BFB7EB5230DE6B900D0F8F4 /* ContentView.swift */,
				3BFB7EB7230DE6BA00D0F8F4 /* Assets.xcassets */,
				3BFB7EBC230DE6BA00D0F8F4 /* LaunchScreen.storyboard */,
				3BFB7EBF230DE6BA00D0F8F4 /* Info.plist */,
				3BFB7EB9230DE6BA00D0F8F4 /* Preview Content */,
			);
			path = TextLines;
			sourceTree = "<group>";
		};
		3BFB7EB9230DE6BA00D0F8F4 /* Preview Content */ = {
			isa = PBXGroup;
			children = (
				3BFB7EBA230DE6BA00D0F8F4 /* Preview Assets.xcassets */,
			);
			path = "Preview Content";
			sourceTree = "<group>";
		};
		3BFB7EC7230DE6BA00D0F8F4 /* TextLinesTests */ = {
			isa = PBXGroup;
			children = (
				3BFB7EC8230DE6BA00D0F8F4 /* TextLinesTests.swift */,
				3BFB7ECA230DE6BA00D0F8F4 /* Info.plist */,
			);
			path = TextLinesTests;
			sourceTree = "<group>";
		};
/* End PBXGroup section */

/* Begin PBXNativeTarget section */
		3BFB7EAD230DE6B800D0F8F4 /* TextLines */ = {
			isa = PBXNativeTarget;
			buildConfigurationList = 3BFB7ECD230DE6BA00D0F8F4 /* Build configuration list for PBXNativeTarget "TextLines" */;
			buildPhases = (
				3BFB7EAA230DE6B800D0F8F4 /* Sources */,
				3BFB7EAB230DE6B800D0F8F4 /* Frameworks */,
				3BFB7EAC230DE6B800D0F8F4 /* Resources */,
			);
			buildRules = (
			);
			dependencies = (
			);
			name = TextLines;
			productName = TextLines;
			productReference = 3BFB7EAE230DE6B800D0F8F4 /* TextLines.app */;
			productType = "com.apple.product-type.application";
		};
		3BFB7EC3230DE6BA00D0F8F4 /* TextLinesTests */ = {
			isa = PBXNativeTarget;
			buildConfigurationList = 3BFB7ED0230DE6BA00D0F8F4 /* Build configuration list for PBXNativeTarget "TextLinesTests" */;
			buildPhases = (
				3BFB7EC0230DE6BA00D0F8F4 /* Sources */,
				3BFB7EC1230DE6BA00D0F8F4 /* Frameworks */,
				3BFB7EC2230DE6BA00D0F8F4 /* Resources */,
			);
			buildRules = (
			);
			dependencies = (
				3BFB7EC6230DE6BA00D0F8F4 /* PBXTargetDependency */,
			);
			name = TextLinesTests;
			productName = TextLinesTests;
			productReference = 3BFB7EC4230DE6BA00D0F8F4 /* TextLinesTests.xctest */;
			productType = "com.apple.product-type.bundle.unit-test";
		};
/* End PBXNativeTarget section */

/* Begin PBXProject section */
		3BFB7EA6230DE6B800D0F8F4 /* Project object */ = {
			isa = PBXProject;
			attributes = {
				LastSwiftUpdateCheck = 1100;
				LastUpgradeCheck = 1100;
				ORGANIZATIONNAME = "Javier Hernández";
				TargetAttributes = {
					3BFB7EAD230DE6B800D0F8F4 = {
						CreatedOnToolsVersion = 11.0;
					};
					3BFB7EC3230DE6BA00D0F8F4 = {
						CreatedOnToolsVersion = 11.0;
						TestTargetID = 3BFB7EAD230DE6B800D0F8F4;
					};
				};
			};
			buildConfigurationList = 3BFB7EA9230DE6B800D0F8F4 /* Build configuration list for PBXProject "TextLines" */;
			compatibilityVersion = "Xcode 9.3";
			developmentRegion = en;
			hasScannedForEncodings = 0;
			knownRegions = (
				en,
				Base,
			);
			mainGroup = 3BFB7EA5230DE6B800D0F8F4;
			productRefGroup = 3BFB7EAF230DE6B800D0F8F4 /* Products */;
			projectDirPath = "";
			projectRoot = "";
			targets = (
				3BFB7EAD230DE6B800D0F8F4 /* TextLines */,
				3BFB7EC3230DE6BA00D0F8F4 /* TextLinesTests */,
			);
		};
/* End PBXProject section */

/* Begin PBXResourcesBuildPhase section */
		3BFB7EAC230DE6B800D0F8F4 /* Resources */ = {
			isa = PBXResourcesBuildPhase;
			buildActionMask = 2147483647;
			files = (
				3BFB7EBE230DE6BA00D0F8F4 /* LaunchScreen.storyboard in Resources */,
				3BFB7EBB230DE6BA00D0F8F4 /* Preview Assets.xcassets in Resources */,
				3BFB7EB8230DE6BA00D0F8F4 /* Assets.xcassets in Resources */,
			);
			runOnlyForDeploymentPostprocessing = 0;
		};
		3BFB7EC2230DE6BA00D0F8F4 /* Resources */ = {
			isa = PBXResourcesBuildPhase;
			buildActionMask = 2147483647;
			files = (
			);
			runOnlyForDeploymentPostprocessing = 0;
		};
/* End PBXResourcesBuildPhase section */

/* Begin PBXSourcesBuildPhase section */
		3BFB7EAA230DE6B800D0F8F4 /* Sources */ = {
			isa = PBXSourcesBuildPhase;
			buildActionMask = 2147483647;
			files = (
				3BFB7EB2230DE6B900D0F8F4 /* AppDelegate.swift in Sources */,
				3BFB7EB4230DE6B900D0F8F4 /* SceneDelegate.swift in Sources */,
				3BFB7EB6230DE6B900D0F8F4 /* ContentView.swift in Sources */,
			);
			runOnlyForDeploymentPostprocessing = 0;
		};
		3BFB7EC0230DE6BA00D0F8F4 /* Sources */ = {
			isa = PBXSourcesBuildPhase;
			buildActionMask = 2147483647;
			files = (
				3BFB7EC9230DE6BA00D0F8F4 /* TextLinesTests.swift in Sources */,
			);
			runOnlyForDeploymentPostprocessing = 0;
		};
/* End PBXSourcesBuildPhase section */

/* Begin PBXTargetDependency section */
		3BFB7EC6230DE6BA00D0F8F4 /* PBXTargetDependency */ = {
			isa = PBXTargetDependency;
			target = 3BFB7EAD230DE6B800D0F8F4 /* TextLines */;
			targetProxy = 3BFB7EC5230DE6BA00D0F8F4 /* PBXContainerItemProxy */;
		};
/* End PBXTargetDependency section */

/* Begin PBXVariantGroup section */
		3BFB7EBC230DE6BA00D0F8F4 /* LaunchScreen.storyboard */ = {
			isa = PBXVariantGroup;
			children = (
				3BFB7EBD230DE6BA00D0F8F4 /* Base */,
			);
			name = LaunchScreen.storyboard;
			sourceTree = "<group>";
		};
/* End PBXVariantGroup section */

/* Begin XCBuildConfiguration section */
		3BFB7ECB230DE6BA00D0F8F4 /* Debug */ = {
			isa = XCBuildConfiguration;
			buildSettings = {
				ALWAYS_SEARCH_USER_PATHS = NO;
				CLANG_ANALYZER_NONNULL = YES;
				CLANG_ANALYZER_NUMBER_OBJECT_CONVERSION = YES_AGGRESSIVE;
				CLANG_CXX_LANGUAGE_STANDARD = "gnu++14";
				CLANG_CXX_LIBRARY = "libc++";
				CLANG_ENABLE_MODULES = YES;
				CLANG_ENABLE_OBJC_ARC = YES;
				CLANG_ENABLE_OBJC_WEAK = YES;
				CLANG_WARN_BLOCK_CAPTURE_AUTORELEASING = YES;
				CLANG_WARN_BOOL_CONVERSION = YES;
				CLANG_WARN_COMMA = YES;
				CLANG_WARN_CONSTANT_CONVERSION = YES;
				CLANG_WARN_DEPRECATED_OBJC_IMPLEMENTATIONS = YES;
				CLANG_WARN_DIRECT_OBJC_ISA_USAGE = YES_ERROR;
				CLANG_WARN_DOCUMENTATION_COMMENTS = YES;
				CLANG_WARN_EMPTY_BODY = YES;
				CLANG_WARN_ENUM_CONVERSION = YES;
				CLANG_WARN_INFINITE_RECURSION = YES;
				CLANG_WARN_INT_CONVERSION = YES;
				CLANG_WARN_NON_LITERAL_NULL_CONVERSION = YES;
				CLANG_WARN_OBJC_IMPLICIT_RETAIN_SELF = YES;
				CLANG_WARN_OBJC_LITERAL_CONVERSION = YES;
				CLANG_WARN_OBJC_ROOT_CLASS = YES_ERROR;
				CLANG_WARN_RANGE_LOOP_ANALYSIS = YES;
				CLANG_WARN_STRICT_PROTOTYPES = YES;
				CLANG_WARN_SUSPICIOUS_MOVE = YES;
				CLANG_WARN_UNGUARDED_AVAILABILITY = YES_AGGRESSIVE;
				CLANG_WARN_UNREACHABLE_CODE = YES;
				CLANG_WARN__DUPLICATE_METHOD_MATCH = YES;
				COPY_PHASE_STRIP = NO;
				DEBUG_INFORMATION_FORMAT = dwarf;
				ENABLE_STRICT_OBJC_MSGSEND = YES;
				ENABLE_TESTABILITY = YES;
				GCC_C_LANGUAGE_STANDARD = gnu11;
				GCC_DYNAMIC_NO_PIC = NO;
				GCC_NO_COMMON_BLOCKS = YES;
				GCC_OPTIMIZATION_LEVEL = 0;
				GCC_PREPROCESSOR_DEFINITIONS = (
					"DEBUG=1",
					"$(inherited)",
				);
				GCC_WARN_64_TO_32_BIT_CONVERSION = YES;
				GCC_WARN_ABOUT_RETURN_TYPE = YES_ERROR;
				GCC_WARN_UNDECLARED_SELECTOR = YES;
				GCC_WARN_UNINITIALIZED_AUTOS = YES_AGGRESSIVE;
				GCC_WARN_UNUSED_FUNCTION = YES;
				GCC_WARN_UNUSED_VARIABLE = YES;
				IPHONEOS_DEPLOYMENT_TARGET = 13.0;
				MTL_ENABLE_DEBUG_INFO = INCLUDE_SOURCE;
				MTL_FAST_MATH = YES;
				ONLY_ACTIVE_ARCH = YES;
				SDKROOT = iphoneos;
				SWIFT_ACTIVE_COMPILATION_CONDITIONS = DEBUG;
				SWIFT_OPTIMIZATION_LEVEL = "-Onone";
			};
			name = Debug;
		};
		3BFB7ECC230DE6BA00D0F8F4 /* Release */ = {
			isa = XCBuildConfiguration;
			buildSettings = {
				ALWAYS_SEARCH_USER_PATHS = NO;
				CLANG_ANALYZER_NONNULL = YES;
				CLANG_ANALYZER_NUMBER_OBJECT_CONVERSION = YES_AGGRESSIVE;
				CLANG_CXX_LANGUAGE_STANDARD = "gnu++14";
				CLANG_CXX_LIBRARY = "libc++";
				CLANG_ENABLE_MODULES = YES;
				CLANG_ENABLE_OBJC_ARC = YES;
				CLANG_ENABLE_OBJC_WEAK = YES;
				CLANG_WARN_BLOCK_CAPTURE_AUTORELEASING = YES;
				CLANG_WARN_BOOL_CONVERSION = YES;
				CLANG_WARN_COMMA = YES;
				CLANG_WARN_CONSTANT_CONVERSION = YES;
				CLANG_WARN_DEPRECATED_OBJC_IMPLEMENTATIONS = YES;
				CLANG_WARN_DIRECT_OBJC_ISA_USAGE = YES_ERROR;
				CLANG_WARN_DOCUMENTATION_COMMENTS = YES;
				CLANG_WARN_EMPTY_BODY = YES;
				CLANG_WARN_ENUM_CONVERSION = YES;
				CLANG_WARN_INFINITE_RECURSION = YES;
				CLANG_WARN_INT_CONVERSION = YES;
				CLANG_WARN_NON_LITERAL_NULL_CONVERSION = YES;
				CLANG_WARN_OBJC_IMPLICIT_RETAIN_SELF = YES;
				CLANG_WARN_OBJC_LITERAL_CONVERSION = YES;
				CLANG_WARN_OBJC_ROOT_CLASS = YES_ERROR;
				CLANG_WARN_RANGE_LOOP_ANALYSIS = YES;
				CLANG_WARN_STRICT_PROTOTYPES = YES;
				CLANG_WARN_SUSPICIOUS_MOVE = YES;
				CLANG_WARN_UNGUARDED_AVAILABILITY = YES_AGGRESSIVE;
				CLANG_WARN_UNREACHABLE_CODE = YES;
				CLANG_WARN__DUPLICATE_METHOD_MATCH = YES;
				COPY_PHASE_STRIP = NO;
				DEBUG_INFORMATION_FORMAT = "dwarf-with-dsym";
				ENABLE_NS_ASSERTIONS = NO;
				ENABLE_STRICT_OBJC_MSGSEND = YES;
				GCC_C_LANGUAGE_STANDARD = gnu11;
				GCC_NO_COMMON_BLOCKS = YES;
				GCC_WARN_64_TO_32_BIT_CONVERSION = YES;
				GCC_WARN_ABOUT_RETURN_TYPE = YES_ERROR;
				GCC_WARN_UNDECLARED_SELECTOR = YES;
				GCC_WARN_UNINITIALIZED_AUTOS = YES_AGGRESSIVE;
				GCC_WARN_UNUSED_FUNCTION = YES;
				GCC_WARN_UNUSED_VARIABLE = YES;
				IPHONEOS_DEPLOYMENT_TARGET = 13.0;
				MTL_ENABLE_DEBUG_INFO = NO;
				MTL_FAST_MATH = YES;
				SDKROOT = iphoneos;
				SWIFT_COMPILATION_MODE = wholemodule;
				SWIFT_OPTIMIZATION_LEVEL = "-O";
				VALIDATE_PRODUCT = YES;
			};
			name = Release;
		};
		3BFB7ECE230DE6BA00D0F8F4 /* Debug */ = {
			isa = XCBuildConfiguration;
			buildSettings = {
				ASSETCATALOG_COMPILER_APPICON_NAME = AppIcon;
				CODE_SIGN_STYLE = Automatic;
				DEVELOPMENT_ASSET_PATHS = "\"TextLines/Preview Content\"";
				ENABLE_PREVIEWS = YES;
				INFOPLIST_FILE = TextLines/Info.plist;
				LD_RUNPATH_SEARCH_PATHS = (
					"$(inherited)",
					"@executable_path/Frameworks",
				);
				PRODUCT_BUNDLE_IDENTIFIER = com.TextLines;
				PRODUCT_NAME = "$(TARGET_NAME)";
				SWIFT_VERSION = 5.0;
				TARGETED_DEVICE_FAMILY = "1,2";
			};
			name = Debug;
		};
		3BFB7ECF230DE6BA00D0F8F4 /* Release */ = {
			isa = XCBuildConfiguration;
			buildSettings = {
				ASSETCATALOG_COMPILER_APPICON_NAME = AppIcon;
				CODE_SIGN_STYLE = Automatic;
				DEVELOPMENT_ASSET_PATHS = "\"TextLines/Preview Content\"";
				ENABLE_PREVIEWS = YES;
				INFOPLIST_FILE = TextLines/Info.plist;
				LD_RUNPATH_SEARCH_PATHS = (
					"$(inherited)",
					"@executable_path/Frameworks",
				);
				PRODUCT_BUNDLE_IDENTIFIER = com.TextLines;
				PRODUCT_NAME = "$(TARGET_NAME)";
				SWIFT_VERSION = 5.0;
				TARGETED_DEVICE_FAMILY = "1,2";
			};
			name = Release;
		};
		3BFB7ED1230DE6BA00D0F8F4 /* Debug */ = {
			isa = XCBuildConfiguration;
			buildSettings = {
				ALWAYS_EMBED_SWIFT_STANDARD_LIBRARIES = YES;
				BUNDLE_LOADER = "$(TEST_HOST)";
				CODE_SIGN_STYLE = Automatic;
				INFOPLIST_FILE = TextLinesTests/Info.plist;
				IPHONEOS_DEPLOYMENT_TARGET = 13.0;
				LD_RUNPATH_SEARCH_PATHS = (
					"$(inherited)",
					"@executable_path/Frameworks",
					"@loader_path/Frameworks",
				);
				PRODUCT_BUNDLE_IDENTIFIER = com.TextLinesTests;
				PRODUCT_NAME = "$(TARGET_NAME)";
				SWIFT_VERSION = 5.0;
				TARGETED_DEVICE_FAMILY = "1,2";
				TEST_HOST = "$(BUILT_PRODUCTS_DIR)/TextLines.app/TextLines";
			};
			name = Debug;
		};
		3BFB7ED2230DE6BA00D0F8F4 /* Release */ = {
			isa = XCBuildConfiguration;
			buildSettings = {
				ALWAYS_EMBED_SWIFT_STANDARD_LIBRARIES = YES;
				BUNDLE_LOADER = "$(TEST_HOST)";
				CODE_SIGN_STYLE = Automatic;
				INFOPLIST_FILE = TextLinesTests/Info.plist;
				IPHONEOS_DEPLOYMENT_TARGET = 13.0;
				LD_RUNPATH_SEARCH_PATHS = (
					"$(inherited)",
					"@executable_path/Frameworks",
					"@loader_path/Frameworks",
				);
				PRODUCT_BUNDLE_IDENTIFIER = com.TextLinesTests;
				PRODUCT_NAME = "$(TARGET_NAME)";
				SWIFT_VERSION = 5.0;
				TARGETED_DEVICE_FAMILY = "1,2";
				TEST_HOST = "$(BUILT_PRODUCTS_DIR)/TextLines.app/TextLines";
			};
			name = Release;
		};
/* End XCBuildConfiguration section */

/* Begin XCConfigurationList section */
		3BFB7EA9230DE6B800D0F8F4 /* Build configuration list for PBXProject "TextLines" */ = {
			isa = XCConfigurationList;
			buildConfigurations = (
				3BFB7ECB230DE6BA00D0F8F4 /* Debug */,
				3BFB7ECC230DE6BA00D0F8F4 /* Release */,
			);
			defaultConfigurationIsVisible = 0;
			defaultConfigurationName = Release;
		};
		3BFB7ECD230DE6BA00D0F8F4 /* Build configuration list for PBXNativeTarget "TextLines" */ = {
			isa = XCConfigurationList;
			buildConfigurations = (
				3BFB7ECE230DE6BA00D0F8F4 /* Debug */,
				3BFB7ECF230DE6BA00D0F8F4 /* Release */,
			);
			defaultConfigurationIsVisible = 0;
			defaultConfigurationName = Release;
		};
		3BFB7ED0230DE6BA00D0F8F4 /* Build configuration list for PBXNativeTarget "TextLinesTests" */ = {
			isa = XCConfigurationList;
			buildConfigurations = (
				3BFB7ED1230DE6BA00D0F8F4 /* Debug */,
				3BFB7ED2230DE6BA00D0F8F4 /* Release */,
			);
			defaultConfigurationIsVisible = 0;
			defaultConfigurationName = Release;
		};
/* End XCConfigurationList section */
	};
	rootObject = 3BFB7EA6230DE6B800D0F8F4 /* Project object */;
}
