// !$*UTF8*$!
{
	archiveVersion = 1;
	classes = {
	};
	objectVersion = 50;
	objects = {

/* Begin PBXBuildFile section */
		3BC8CE4F22F3737E00A3CF2D /* AppDelegate.swift in Sources */ = {isa = PBXBuildFile; fileRef = 3BC8CE4E22F3737E00A3CF2D /* AppDelegate.swift */; };
		3BC8CE5122F3737E00A3CF2D /* SceneDelegate.swift in Sources */ = {isa = PBXBuildFile; fileRef = 3BC8CE5022F3737E00A3CF2D /* SceneDelegate.swift */; };
		3BC8CE5322F3737E00A3CF2D /* ListView.swift in Sources */ = {isa = PBXBuildFile; fileRef = 3BC8CE5222F3737E00A3CF2D /* ListView.swift */; };
		3BC8CE5522F3738000A3CF2D /* Assets.xcassets in Resources */ = {isa = PBXBuildFile; fileRef = 3BC8CE5422F3738000A3CF2D /* Assets.xcassets */; };
		3BC8CE5822F3738000A3CF2D /* Preview Assets.xcassets in Resources */ = {isa = PBXBuildFile; fileRef = 3BC8CE5722F3738000A3CF2D /* Preview Assets.xcassets */; };
		3BC8CE5B22F3738000A3CF2D /* LaunchScreen.storyboard in Resources */ = {isa = PBXBuildFile; fileRef = 3BC8CE5922F3738000A3CF2D /* LaunchScreen.storyboard */; };
		3BC8CE6622F3738000A3CF2D /* NavigationTitleOverlapTests.swift in Sources */ = {isa = PBXBuildFile; fileRef = 3BC8CE6522F3738000A3CF2D /* NavigationTitleOverlapTests.swift */; };
		3BC8CE7322F376F400A3CF2D /* DetailDestination.swift in Sources */ = {isa = PBXBuildFile; fileRef = 3BC8CE7222F376F400A3CF2D /* DetailDestination.swift */; };
/* End PBXBuildFile section */

/* Begin PBXContainerItemProxy section */
		3BC8CE6222F3738000A3CF2D /* PBXContainerItemProxy */ = {
			isa = PBXContainerItemProxy;
			containerPortal = 3BC8CE4322F3737E00A3CF2D /* Project object */;
			proxyType = 1;
			remoteGlobalIDString = 3BC8CE4A22F3737E00A3CF2D;
			remoteInfo = ScrollViewWidth;
		};
/* End PBXContainerItemProxy section */

/* Begin PBXFileReference section */
		3BC8CE4B22F3737E00A3CF2D /* NavigationTitleOverlap.app */ = {isa = PBXFileReference; explicitFileType = wrapper.application; includeInIndex = 0; path = NavigationTitleOverlap.app; sourceTree = BUILT_PRODUCTS_DIR; };
		3BC8CE4E22F3737E00A3CF2D /* AppDelegate.swift */ = {isa = PBXFileReference; lastKnownFileType = sourcecode.swift; path = AppDelegate.swift; sourceTree = "<group>"; };
		3BC8CE5022F3737E00A3CF2D /* SceneDelegate.swift */ = {isa = PBXFileReference; lastKnownFileType = sourcecode.swift; path = SceneDelegate.swift; sourceTree = "<group>"; };
		3BC8CE5222F3737E00A3CF2D /* ListView.swift */ = {isa = PBXFileReference; lastKnownFileType = sourcecode.swift; path = ListView.swift; sourceTree = "<group>"; };
		3BC8CE5422F3738000A3CF2D /* Assets.xcassets */ = {isa = PBXFileReference; lastKnownFileType = folder.assetcatalog; path = Assets.xcassets; sourceTree = "<group>"; };
		3BC8CE5722F3738000A3CF2D /* Preview Assets.xcassets */ = {isa = PBXFileReference; lastKnownFileType = folder.assetcatalog; path = "Preview Assets.xcassets"; sourceTree = "<group>"; };
		3BC8CE5A22F3738000A3CF2D /* Base */ = {isa = PBXFileReference; lastKnownFileType = file.storyboard; name = Base; path = Base.lproj/LaunchScreen.storyboard; sourceTree = "<group>"; };
		3BC8CE5C22F3738000A3CF2D /* Info.plist */ = {isa = PBXFileReference; lastKnownFileType = text.plist.xml; path = Info.plist; sourceTree = "<group>"; };
		3BC8CE6122F3738000A3CF2D /* NavigationTitleOverlapTests.xctest */ = {isa = PBXFileReference; explicitFileType = wrapper.cfbundle; includeInIndex = 0; path = NavigationTitleOverlapTests.xctest; sourceTree = BUILT_PRODUCTS_DIR; };
		3BC8CE6522F3738000A3CF2D /* NavigationTitleOverlapTests.swift */ = {isa = PBXFileReference; lastKnownFileType = sourcecode.swift; path = NavigationTitleOverlapTests.swift; sourceTree = "<group>"; };
		3BC8CE6722F3738000A3CF2D /* Info.plist */ = {isa = PBXFileReference; lastKnownFileType = text.plist.xml; path = Info.plist; sourceTree = "<group>"; };
		3BC8CE7222F376F400A3CF2D /* DetailDestination.swift */ = {isa = PBXFileReference; lastKnownFileType = sourcecode.swift; path = DetailDestination.swift; sourceTree = "<group>"; };
/* End PBXFileReference section */

/* Begin PBXFrameworksBuildPhase section */
		3BC8CE4822F3737E00A3CF2D /* Frameworks */ = {
			isa = PBXFrameworksBuildPhase;
			buildActionMask = 2147483647;
			files = (
			);
			runOnlyForDeploymentPostprocessing = 0;
		};
		3BC8CE5E22F3738000A3CF2D /* Frameworks */ = {
			isa = PBXFrameworksBuildPhase;
			buildActionMask = 2147483647;
			files = (
			);
			runOnlyForDeploymentPostprocessing = 0;
		};
/* End PBXFrameworksBuildPhase section */

/* Begin PBXGroup section */
		3BC8CE4222F3737E00A3CF2D = {
			isa = PBXGroup;
			children = (
				3BC8CE4D22F3737E00A3CF2D /* NavigationTitleOverlap */,
				3BC8CE6422F3738000A3CF2D /* NavigationTitleOverlapTests */,
				3BC8CE4C22F3737E00A3CF2D /* Products */,
			);
			sourceTree = "<group>";
		};
		3BC8CE4C22F3737E00A3CF2D /* Products */ = {
			isa = PBXGroup;
			children = (
				3BC8CE4B22F3737E00A3CF2D /* NavigationTitleOverlap.app */,
				3BC8CE6122F3738000A3CF2D /* NavigationTitleOverlapTests.xctest */,
			);
			name = Products;
			sourceTree = "<group>";
		};
		3BC8CE4D22F3737E00A3CF2D /* NavigationTitleOverlap */ = {
			isa = PBXGroup;
			children = (
				3BC8CE4E22F3737E00A3CF2D /* AppDelegate.swift */,
				3BC8CE5022F3737E00A3CF2D /* SceneDelegate.swift */,
				3BC8CE5222F3737E00A3CF2D /* ListView.swift */,
				3BC8CE7222F376F400A3CF2D /* DetailDestination.swift */,
				3BC8CE5422F3738000A3CF2D /* Assets.xcassets */,
				3BC8CE5922F3738000A3CF2D /* LaunchScreen.storyboard */,
				3BC8CE5C22F3738000A3CF2D /* Info.plist */,
				3BC8CE5622F3738000A3CF2D /* Preview Content */,
			);
			path = NavigationTitleOverlap;
			sourceTree = "<group>";
		};
		3BC8CE5622F3738000A3CF2D /* Preview Content */ = {
			isa = PBXGroup;
			children = (
				3BC8CE5722F3738000A3CF2D /* Preview Assets.xcassets */,
			);
			path = "Preview Content";
			sourceTree = "<group>";
		};
		3BC8CE6422F3738000A3CF2D /* NavigationTitleOverlapTests */ = {
			isa = PBXGroup;
			children = (
				3BC8CE6522F3738000A3CF2D /* NavigationTitleOverlapTests.swift */,
				3BC8CE6722F3738000A3CF2D /* Info.plist */,
			);
			path = NavigationTitleOverlapTests;
			sourceTree = "<group>";
		};
/* End PBXGroup section */

/* Begin PBXNativeTarget section */
		3BC8CE4A22F3737E00A3CF2D /* NavigationTitleOverlap */ = {
			isa = PBXNativeTarget;
			buildConfigurationList = 3BC8CE6A22F3738000A3CF2D /* Build configuration list for PBXNativeTarget "NavigationTitleOverlap" */;
			buildPhases = (
				3BC8CE4722F3737E00A3CF2D /* Sources */,
				3BC8CE4822F3737E00A3CF2D /* Frameworks */,
				3BC8CE4922F3737E00A3CF2D /* Resources */,
			);
			buildRules = (
			);
			dependencies = (
			);
			name = NavigationTitleOverlap;
			productName = ScrollViewWidth;
			productReference = 3BC8CE4B22F3737E00A3CF2D /* NavigationTitleOverlap.app */;
			productType = "com.apple.product-type.application";
		};
		3BC8CE6022F3738000A3CF2D /* NavigationTitleOverlapTests */ = {
			isa = PBXNativeTarget;
			buildConfigurationList = 3BC8CE6D22F3738000A3CF2D /* Build configuration list for PBXNativeTarget "NavigationTitleOverlapTests" */;
			buildPhases = (
				3BC8CE5D22F3738000A3CF2D /* Sources */,
				3BC8CE5E22F3738000A3CF2D /* Frameworks */,
				3BC8CE5F22F3738000A3CF2D /* Resources */,
			);
			buildRules = (
			);
			dependencies = (
				3BC8CE6322F3738000A3CF2D /* PBXTargetDependency */,
			);
			name = NavigationTitleOverlapTests;
			productName = ScrollViewWidthTests;
			productReference = 3BC8CE6122F3738000A3CF2D /* NavigationTitleOverlapTests.xctest */;
			productType = "com.apple.product-type.bundle.unit-test";
		};
/* End PBXNativeTarget section */

/* Begin PBXProject section */
		3BC8CE4322F3737E00A3CF2D /* Project object */ = {
			isa = PBXProject;
			attributes = {
				LastSwiftUpdateCheck = 1100;
				LastUpgradeCheck = 1100;
				ORGANIZATIONNAME = "Javier Hernández";
				TargetAttributes = {
					3BC8CE4A22F3737E00A3CF2D = {
						CreatedOnToolsVersion = 11.0;
					};
					3BC8CE6022F3738000A3CF2D = {
						CreatedOnToolsVersion = 11.0;
						TestTargetID = 3BC8CE4A22F3737E00A3CF2D;
					};
				};
			};
			buildConfigurationList = 3BC8CE4622F3737E00A3CF2D /* Build configuration list for PBXProject "NavigationTitleOverlap" */;
			compatibilityVersion = "Xcode 9.3";
			developmentRegion = en;
			hasScannedForEncodings = 0;
			knownRegions = (
				en,
				Base,
			);
			mainGroup = 3BC8CE4222F3737E00A3CF2D;
			productRefGroup = 3BC8CE4C22F3737E00A3CF2D /* Products */;
			projectDirPath = "";
			projectRoot = "";
			targets = (
				3BC8CE4A22F3737E00A3CF2D /* NavigationTitleOverlap */,
				3BC8CE6022F3738000A3CF2D /* NavigationTitleOverlapTests */,
			);
		};
/* End PBXProject section */

/* Begin PBXResourcesBuildPhase section */
		3BC8CE4922F3737E00A3CF2D /* Resources */ = {
			isa = PBXResourcesBuildPhase;
			buildActionMask = 2147483647;
			files = (
				3BC8CE5B22F3738000A3CF2D /* LaunchScreen.storyboard in Resources */,
				3BC8CE5822F3738000A3CF2D /* Preview Assets.xcassets in Resources */,
				3BC8CE5522F3738000A3CF2D /* Assets.xcassets in Resources */,
			);
			runOnlyForDeploymentPostprocessing = 0;
		};
		3BC8CE5F22F3738000A3CF2D /* Resources */ = {
			isa = PBXResourcesBuildPhase;
			buildActionMask = 2147483647;
			files = (
			);
			runOnlyForDeploymentPostprocessing = 0;
		};
/* End PBXResourcesBuildPhase section */

/* Begin PBXSourcesBuildPhase section */
		3BC8CE4722F3737E00A3CF2D /* Sources */ = {
			isa = PBXSourcesBuildPhase;
			buildActionMask = 2147483647;
			files = (
				3BC8CE4F22F3737E00A3CF2D /* AppDelegate.swift in Sources */,
				3BC8CE5122F3737E00A3CF2D /* SceneDelegate.swift in Sources */,
				3BC8CE5322F3737E00A3CF2D /* ListView.swift in Sources */,
				3BC8CE7322F376F400A3CF2D /* DetailDestination.swift in Sources */,
			);
			runOnlyForDeploymentPostprocessing = 0;
		};
		3BC8CE5D22F3738000A3CF2D /* Sources */ = {
			isa = PBXSourcesBuildPhase;
			buildActionMask = 2147483647;
			files = (
				3BC8CE6622F3738000A3CF2D /* NavigationTitleOverlapTests.swift in Sources */,
			);
			runOnlyForDeploymentPostprocessing = 0;
		};
/* End PBXSourcesBuildPhase section */

/* Begin PBXTargetDependency section */
		3BC8CE6322F3738000A3CF2D /* PBXTargetDependency */ = {
			isa = PBXTargetDependency;
			target = 3BC8CE4A22F3737E00A3CF2D /* NavigationTitleOverlap */;
			targetProxy = 3BC8CE6222F3738000A3CF2D /* PBXContainerItemProxy */;
		};
/* End PBXTargetDependency section */

/* Begin PBXVariantGroup section */
		3BC8CE5922F3738000A3CF2D /* LaunchScreen.storyboard */ = {
			isa = PBXVariantGroup;
			children = (
				3BC8CE5A22F3738000A3CF2D /* Base */,
			);
			name = LaunchScreen.storyboard;
			sourceTree = "<group>";
		};
/* End PBXVariantGroup section */

/* Begin XCBuildConfiguration section */
		3BC8CE6822F3738000A3CF2D /* Debug */ = {
			isa = XCBuildConfiguration;
			buildSettings = {
				ALWAYS_SEARCH_USER_PATHS = NO;
				CLANG_ANALYZER_NONNULL = YES;
				CLANG_ANALYZER_NUMBER_OBJECT_CONVERSION = YES_AGGRESSIVE;
				CLANG_CXX_LANGUAGE_STANDARD = "gnu++14";
				CLANG_CXX_LIBRARY = "libc++";
				CLANG_ENABLE_MODULES = YES;
				CLANG_ENABLE_OBJC_ARC = YES;
				CLANG_ENABLE_OBJC_WEAK = YES;
				CLANG_WARN_BLOCK_CAPTURE_AUTORELEASING = YES;
				CLANG_WARN_BOOL_CONVERSION = YES;
				CLANG_WARN_COMMA = YES;
				CLANG_WARN_CONSTANT_CONVERSION = YES;
				CLANG_WARN_DEPRECATED_OBJC_IMPLEMENTATIONS = YES;
				CLANG_WARN_DIRECT_OBJC_ISA_USAGE = YES_ERROR;
				CLANG_WARN_DOCUMENTATION_COMMENTS = YES;
				CLANG_WARN_EMPTY_BODY = YES;
				CLANG_WARN_ENUM_CONVERSION = YES;
				CLANG_WARN_INFINITE_RECURSION = YES;
				CLANG_WARN_INT_CONVERSION = YES;
				CLANG_WARN_NON_LITERAL_NULL_CONVERSION = YES;
				CLANG_WARN_OBJC_IMPLICIT_RETAIN_SELF = YES;
				CLANG_WARN_OBJC_LITERAL_CONVERSION = YES;
				CLANG_WARN_OBJC_ROOT_CLASS = YES_ERROR;
				CLANG_WARN_RANGE_LOOP_ANALYSIS = YES;
				CLANG_WARN_STRICT_PROTOTYPES = YES;
				CLANG_WARN_SUSPICIOUS_MOVE = YES;
				CLANG_WARN_UNGUARDED_AVAILABILITY = YES_AGGRESSIVE;
				CLANG_WARN_UNREACHABLE_CODE = YES;
				CLANG_WARN__DUPLICATE_METHOD_MATCH = YES;
				COPY_PHASE_STRIP = NO;
				DEBUG_INFORMATION_FORMAT = dwarf;
				ENABLE_STRICT_OBJC_MSGSEND = YES;
				ENABLE_TESTABILITY = YES;
				GCC_C_LANGUAGE_STANDARD = gnu11;
				GCC_DYNAMIC_NO_PIC = NO;
				GCC_NO_COMMON_BLOCKS = YES;
				GCC_OPTIMIZATION_LEVEL = 0;
				GCC_PREPROCESSOR_DEFINITIONS = (
					"DEBUG=1",
					"$(inherited)",
				);
				GCC_WARN_64_TO_32_BIT_CONVERSION = YES;
				GCC_WARN_ABOUT_RETURN_TYPE = YES_ERROR;
				GCC_WARN_UNDECLARED_SELECTOR = YES;
				GCC_WARN_UNINITIALIZED_AUTOS = YES_AGGRESSIVE;
				GCC_WARN_UNUSED_FUNCTION = YES;
				GCC_WARN_UNUSED_VARIABLE = YES;
				IPHONEOS_DEPLOYMENT_TARGET = 13.0;
				MTL_ENABLE_DEBUG_INFO = INCLUDE_SOURCE;
				MTL_FAST_MATH = YES;
				ONLY_ACTIVE_ARCH = YES;
				SDKROOT = iphoneos;
				SWIFT_ACTIVE_COMPILATION_CONDITIONS = DEBUG;
				SWIFT_OPTIMIZATION_LEVEL = "-Onone";
			};
			name = Debug;
		};
		3BC8CE6922F3738000A3CF2D /* Release */ = {
			isa = XCBuildConfiguration;
			buildSettings = {
				ALWAYS_SEARCH_USER_PATHS = NO;
				CLANG_ANALYZER_NONNULL = YES;
				CLANG_ANALYZER_NUMBER_OBJECT_CONVERSION = YES_AGGRESSIVE;
				CLANG_CXX_LANGUAGE_STANDARD = "gnu++14";
				CLANG_CXX_LIBRARY = "libc++";
				CLANG_ENABLE_MODULES = YES;
				CLANG_ENABLE_OBJC_ARC = YES;
				CLANG_ENABLE_OBJC_WEAK = YES;
				CLANG_WARN_BLOCK_CAPTURE_AUTORELEASING = YES;
				CLANG_WARN_BOOL_CONVERSION = YES;
				CLANG_WARN_COMMA = YES;
				CLANG_WARN_CONSTANT_CONVERSION = YES;
				CLANG_WARN_DEPRECATED_OBJC_IMPLEMENTATIONS = YES;
				CLANG_WARN_DIRECT_OBJC_ISA_USAGE = YES_ERROR;
				CLANG_WARN_DOCUMENTATION_COMMENTS = YES;
				CLANG_WARN_EMPTY_BODY = YES;
				CLANG_WARN_ENUM_CONVERSION = YES;
				CLANG_WARN_INFINITE_RECURSION = YES;
				CLANG_WARN_INT_CONVERSION = YES;
				CLANG_WARN_NON_LITERAL_NULL_CONVERSION = YES;
				CLANG_WARN_OBJC_IMPLICIT_RETAIN_SELF = YES;
				CLANG_WARN_OBJC_LITERAL_CONVERSION = YES;
				CLANG_WARN_OBJC_ROOT_CLASS = YES_ERROR;
				CLANG_WARN_RANGE_LOOP_ANALYSIS = YES;
				CLANG_WARN_STRICT_PROTOTYPES = YES;
				CLANG_WARN_SUSPICIOUS_MOVE = YES;
				CLANG_WARN_UNGUARDED_AVAILABILITY = YES_AGGRESSIVE;
				CLANG_WARN_UNREACHABLE_CODE = YES;
				CLANG_WARN__DUPLICATE_METHOD_MATCH = YES;
				COPY_PHASE_STRIP = NO;
				DEBUG_INFORMATION_FORMAT = "dwarf-with-dsym";
				ENABLE_NS_ASSERTIONS = NO;
				ENABLE_STRICT_OBJC_MSGSEND = YES;
				GCC_C_LANGUAGE_STANDARD = gnu11;
				GCC_NO_COMMON_BLOCKS = YES;
				GCC_WARN_64_TO_32_BIT_CONVERSION = YES;
				GCC_WARN_ABOUT_RETURN_TYPE = YES_ERROR;
				GCC_WARN_UNDECLARED_SELECTOR = YES;
				GCC_WARN_UNINITIALIZED_AUTOS = YES_AGGRESSIVE;
				GCC_WARN_UNUSED_FUNCTION = YES;
				GCC_WARN_UNUSED_VARIABLE = YES;
				IPHONEOS_DEPLOYMENT_TARGET = 13.0;
				MTL_ENABLE_DEBUG_INFO = NO;
				MTL_FAST_MATH = YES;
				SDKROOT = iphoneos;
				SWIFT_COMPILATION_MODE = wholemodule;
				SWIFT_OPTIMIZATION_LEVEL = "-O";
				VALIDATE_PRODUCT = YES;
			};
			name = Release;
		};
		3BC8CE6B22F3738000A3CF2D /* Debug */ = {
			isa = XCBuildConfiguration;
			buildSettings = {
				ASSETCATALOG_COMPILER_APPICON_NAME = AppIcon;
				CODE_SIGN_STYLE = Automatic;
				DEVELOPMENT_ASSET_PATHS = "NavigationTitleOverlap/Preview\\ Content";
				ENABLE_PREVIEWS = YES;
				INFOPLIST_FILE = NavigationTitleOverlap/Info.plist;
				LD_RUNPATH_SEARCH_PATHS = (
					"$(inherited)",
					"@executable_path/Frameworks",
				);
				PRODUCT_BUNDLE_IDENTIFIER = com.NavigationTitleOverlap;
				PRODUCT_NAME = "$(TARGET_NAME)";
				SWIFT_VERSION = 5.0;
				TARGETED_DEVICE_FAMILY = "1,2";
			};
			name = Debug;
		};
		3BC8CE6C22F3738000A3CF2D /* Release */ = {
			isa = XCBuildConfiguration;
			buildSettings = {
				ASSETCATALOG_COMPILER_APPICON_NAME = AppIcon;
				CODE_SIGN_STYLE = Automatic;
				DEVELOPMENT_ASSET_PATHS = "NavigationTitleOverlap/Preview\\ Content";
				ENABLE_PREVIEWS = YES;
				INFOPLIST_FILE = NavigationTitleOverlap/Info.plist;
				LD_RUNPATH_SEARCH_PATHS = (
					"$(inherited)",
					"@executable_path/Frameworks",
				);
				PRODUCT_BUNDLE_IDENTIFIER = com.NavigationTitleOverlap;
				PRODUCT_NAME = "$(TARGET_NAME)";
				SWIFT_VERSION = 5.0;
				TARGETED_DEVICE_FAMILY = "1,2";
			};
			name = Release;
		};
		3BC8CE6E22F3738000A3CF2D /* Debug */ = {
			isa = XCBuildConfiguration;
			buildSettings = {
				ALWAYS_EMBED_SWIFT_STANDARD_LIBRARIES = YES;
				BUNDLE_LOADER = "$(TEST_HOST)";
				CODE_SIGN_STYLE = Automatic;
				INFOPLIST_FILE = NavigationTitleOverlap/Info.plist;
				LD_RUNPATH_SEARCH_PATHS = (
					"$(inherited)",
					"@executable_path/Frameworks",
					"@loader_path/Frameworks",
				);
				PRODUCT_BUNDLE_IDENTIFIER = com.NavigationTitleOverlap;
				PRODUCT_NAME = "$(TARGET_NAME)";
				SWIFT_VERSION = 5.0;
				TARGETED_DEVICE_FAMILY = "1,2";
				TEST_HOST = "$(BUILT_PRODUCTS_DIR)/NavigationTitleOverlap.app/NavigationTitleOverlap";
			};
			name = Debug;
		};
		3BC8CE6F22F3738000A3CF2D /* Release */ = {
			isa = XCBuildConfiguration;
			buildSettings = {
				ALWAYS_EMBED_SWIFT_STANDARD_LIBRARIES = YES;
				BUNDLE_LOADER = "$(TEST_HOST)";
				CODE_SIGN_STYLE = Automatic;
				INFOPLIST_FILE = NavigationTitleOverlap/Info.plist;
				LD_RUNPATH_SEARCH_PATHS = (
					"$(inherited)",
					"@executable_path/Frameworks",
					"@loader_path/Frameworks",
				);
				PRODUCT_BUNDLE_IDENTIFIER = com.NavigationTitleOverlap;
				PRODUCT_NAME = "$(TARGET_NAME)";
				SWIFT_VERSION = 5.0;
				TARGETED_DEVICE_FAMILY = "1,2";
				TEST_HOST = "$(BUILT_PRODUCTS_DIR)/NavigationTitleOverlap.app/NavigationTitleOverlap";
			};
			name = Release;
		};
/* End XCBuildConfiguration section */

/* Begin XCConfigurationList section */
		3BC8CE4622F3737E00A3CF2D /* Build configuration list for PBXProject "NavigationTitleOverlap" */ = {
			isa = XCConfigurationList;
			buildConfigurations = (
				3BC8CE6822F3738000A3CF2D /* Debug */,
				3BC8CE6922F3738000A3CF2D /* Release */,
			);
			defaultConfigurationIsVisible = 0;
			defaultConfigurationName = Release;
		};
		3BC8CE6A22F3738000A3CF2D /* Build configuration list for PBXNativeTarget "NavigationTitleOverlap" */ = {
			isa = XCConfigurationList;
			buildConfigurations = (
				3BC8CE6B22F3738000A3CF2D /* Debug */,
				3BC8CE6C22F3738000A3CF2D /* Release */,
			);
			defaultConfigurationIsVisible = 0;
			defaultConfigurationName = Release;
		};
		3BC8CE6D22F3738000A3CF2D /* Build configuration list for PBXNativeTarget "NavigationTitleOverlapTests" */ = {
			isa = XCConfigurationList;
			buildConfigurations = (
				3BC8CE6E22F3738000A3CF2D /* Debug */,
				3BC8CE6F22F3738000A3CF2D /* Release */,
			);
			defaultConfigurationIsVisible = 0;
			defaultConfigurationName = Release;
		};
/* End XCConfigurationList section */
	};
	rootObject = 3BC8CE4322F3737E00A3CF2D /* Project object */;
}
