// !$*UTF8*$!
{
	archiveVersion = 1;
	classes = {
	};
	objectVersion = 50;
	objects = {

/* Begin PBXBuildFile section */
		3BCFB06723565FFC00A1789A /* AppDelegate.swift in Sources */ = {isa = PBXBuildFile; fileRef = 3BCFB06623565FFC00A1789A /* AppDelegate.swift */; };
		3BCFB06923565FFC00A1789A /* SceneDelegate.swift in Sources */ = {isa = PBXBuildFile; fileRef = 3BCFB06823565FFC00A1789A /* SceneDelegate.swift */; };
		3BCFB06B23565FFC00A1789A /* ContentView.swift in Sources */ = {isa = PBXBuildFile; fileRef = 3BCFB06A23565FFC00A1789A /* ContentView.swift */; };
		3BCFB06D23565FFE00A1789A /* Assets.xcassets in Resources */ = {isa = PBXBuildFile; fileRef = 3BCFB06C23565FFE00A1789A /* Assets.xcassets */; };
		3BCFB07023565FFE00A1789A /* Preview Assets.xcassets in Resources */ = {isa = PBXBuildFile; fileRef = 3BCFB06F23565FFE00A1789A /* Preview Assets.xcassets */; };
		3BCFB07323565FFE00A1789A /* LaunchScreen.storyboard in Resources */ = {isa = PBXBuildFile; fileRef = 3BCFB07123565FFE00A1789A /* LaunchScreen.storyboard */; };
/* End PBXBuildFile section */

/* Begin PBXFileReference section */
		3BCFB06323565FFC00A1789A /* ListPosition.app */ = {isa = PBXFileReference; explicitFileType = wrapper.application; includeInIndex = 0; path = ListPosition.app; sourceTree = BUILT_PRODUCTS_DIR; };
		3BCFB06623565FFC00A1789A /* AppDelegate.swift */ = {isa = PBXFileReference; lastKnownFileType = sourcecode.swift; path = AppDelegate.swift; sourceTree = "<group>"; };
		3BCFB06823565FFC00A1789A /* SceneDelegate.swift */ = {isa = PBXFileReference; lastKnownFileType = sourcecode.swift; path = SceneDelegate.swift; sourceTree = "<group>"; };
		3BCFB06A23565FFC00A1789A /* ContentView.swift */ = {isa = PBXFileReference; lastKnownFileType = sourcecode.swift; path = ContentView.swift; sourceTree = "<group>"; };
		3BCFB06C23565FFE00A1789A /* Assets.xcassets */ = {isa = PBXFileReference; lastKnownFileType = folder.assetcatalog; path = Assets.xcassets; sourceTree = "<group>"; };
		3BCFB06F23565FFE00A1789A /* Preview Assets.xcassets */ = {isa = PBXFileReference; lastKnownFileType = folder.assetcatalog; path = "Preview Assets.xcassets"; sourceTree = "<group>"; };
		3BCFB07223565FFE00A1789A /* Base */ = {isa = PBXFileReference; lastKnownFileType = file.storyboard; name = Base; path = Base.lproj/LaunchScreen.storyboard; sourceTree = "<group>"; };
		3BCFB07423565FFE00A1789A /* Info.plist */ = {isa = PBXFileReference; lastKnownFileType = text.plist.xml; path = Info.plist; sourceTree = "<group>"; };
/* End PBXFileReference section */

/* Begin PBXFrameworksBuildPhase section */
		3BCFB06023565FFC00A1789A /* Frameworks */ = {
			isa = PBXFrameworksBuildPhase;
			buildActionMask = 2147483647;
			files = (
			);
			runOnlyForDeploymentPostprocessing = 0;
		};
/* End PBXFrameworksBuildPhase section */

/* Begin PBXGroup section */
		3BCFB05A23565FFC00A1789A = {
			isa = PBXGroup;
			children = (
				3BCFB06523565FFC00A1789A /* ListPosition */,
				3BCFB06423565FFC00A1789A /* Products */,
			);
			sourceTree = "<group>";
		};
		3BCFB06423565FFC00A1789A /* Products */ = {
			isa = PBXGroup;
			children = (
				3BCFB06323565FFC00A1789A /* ListPosition.app */,
			);
			name = Products;
			sourceTree = "<group>";
		};
		3BCFB06523565FFC00A1789A /* ListPosition */ = {
			isa = PBXGroup;
			children = (
				3BCFB06623565FFC00A1789A /* AppDelegate.swift */,
				3BCFB06823565FFC00A1789A /* SceneDelegate.swift */,
				3BCFB06A23565FFC00A1789A /* ContentView.swift */,
				3BCFB06C23565FFE00A1789A /* Assets.xcassets */,
				3BCFB07123565FFE00A1789A /* LaunchScreen.storyboard */,
				3BCFB07423565FFE00A1789A /* Info.plist */,
				3BCFB06E23565FFE00A1789A /* Preview Content */,
			);
			path = ListPosition;
			sourceTree = "<group>";
		};
		3BCFB06E23565FFE00A1789A /* Preview Content */ = {
			isa = PBXGroup;
			children = (
				3BCFB06F23565FFE00A1789A /* Preview Assets.xcassets */,
			);
			path = "Preview Content";
			sourceTree = "<group>";
		};
/* End PBXGroup section */

/* Begin PBXNativeTarget section */
		3BCFB06223565FFC00A1789A /* ListPosition */ = {
			isa = PBXNativeTarget;
			buildConfigurationList = 3BCFB07723565FFE00A1789A /* Build configuration list for PBXNativeTarget "ListPosition" */;
			buildPhases = (
				3BCFB05F23565FFC00A1789A /* Sources */,
				3BCFB06023565FFC00A1789A /* Frameworks */,
				3BCFB06123565FFC00A1789A /* Resources */,
			);
			buildRules = (
			);
			dependencies = (
			);
			name = ListPosition;
			productName = ListPosition;
			productReference = 3BCFB06323565FFC00A1789A /* ListPosition.app */;
			productType = "com.apple.product-type.application";
		};
/* End PBXNativeTarget section */

/* Begin PBXProject section */
		3BCFB05B23565FFC00A1789A /* Project object */ = {
			isa = PBXProject;
			attributes = {
				LastSwiftUpdateCheck = 1110;
				LastUpgradeCheck = 1200;
				ORGANIZATIONNAME = "Javier Hernández";
				TargetAttributes = {
					3BCFB06223565FFC00A1789A = {
						CreatedOnToolsVersion = 11.1;
					};
				};
			};
			buildConfigurationList = 3BCFB05E23565FFC00A1789A /* Build configuration list for PBXProject "ListPosition" */;
			compatibilityVersion = "Xcode 9.3";
			developmentRegion = en;
			hasScannedForEncodings = 0;
			knownRegions = (
				en,
				Base,
			);
			mainGroup = 3BCFB05A23565FFC00A1789A;
			productRefGroup = 3BCFB06423565FFC00A1789A /* Products */;
			projectDirPath = "";
			projectRoot = "";
			targets = (
				3BCFB06223565FFC00A1789A /* ListPosition */,
			);
		};
/* End PBXProject section */

/* Begin PBXResourcesBuildPhase section */
		3BCFB06123565FFC00A1789A /* Resources */ = {
			isa = PBXResourcesBuildPhase;
			buildActionMask = 2147483647;
			files = (
				3BCFB07323565FFE00A1789A /* LaunchScreen.storyboard in Resources */,
				3BCFB07023565FFE00A1789A /* Preview Assets.xcassets in Resources */,
				3BCFB06D23565FFE00A1789A /* Assets.xcassets in Resources */,
			);
			runOnlyForDeploymentPostprocessing = 0;
		};
/* End PBXResourcesBuildPhase section */

/* Begin PBXSourcesBuildPhase section */
		3BCFB05F23565FFC00A1789A /* Sources */ = {
			isa = PBXSourcesBuildPhase;
			buildActionMask = 2147483647;
			files = (
				3BCFB06723565FFC00A1789A /* AppDelegate.swift in Sources */,
				3BCFB06923565FFC00A1789A /* SceneDelegate.swift in Sources */,
				3BCFB06B23565FFC00A1789A /* ContentView.swift in Sources */,
			);
			runOnlyForDeploymentPostprocessing = 0;
		};
/* End PBXSourcesBuildPhase section */

/* Begin PBXVariantGroup section */
		3BCFB07123565FFE00A1789A /* LaunchScreen.storyboard */ = {
			isa = PBXVariantGroup;
			children = (
				3BCFB07223565FFE00A1789A /* Base */,
			);
			name = LaunchScreen.storyboard;
			sourceTree = "<group>";
		};
/* End PBXVariantGroup section */

/* Begin XCBuildConfiguration section */
		3BCFB07523565FFE00A1789A /* Debug */ = {
			isa = XCBuildConfiguration;
			buildSettings = {
				ALWAYS_SEARCH_USER_PATHS = NO;
				CLANG_ANALYZER_NONNULL = YES;
				CLANG_ANALYZER_NUMBER_OBJECT_CONVERSION = YES_AGGRESSIVE;
				CLANG_CXX_LANGUAGE_STANDARD = "gnu++14";
				CLANG_CXX_LIBRARY = "libc++";
				CLANG_ENABLE_MODULES = YES;
				CLANG_ENABLE_OBJC_ARC = YES;
				CLANG_ENABLE_OBJC_WEAK = YES;
				CLANG_WARN_BLOCK_CAPTURE_AUTORELEASING = YES;
				CLANG_WARN_BOOL_CONVERSION = YES;
				CLANG_WARN_COMMA = YES;
				CLANG_WARN_CONSTANT_CONVERSION = YES;
				CLANG_WARN_DEPRECATED_OBJC_IMPLEMENTATIONS = YES;
				CLANG_WARN_DIRECT_OBJC_ISA_USAGE = YES_ERROR;
				CLANG_WARN_DOCUMENTATION_COMMENTS = YES;
				CLANG_WARN_EMPTY_BODY = YES;
				CLANG_WARN_ENUM_CONVERSION = YES;
				CLANG_WARN_INFINITE_RECURSION = YES;
				CLANG_WARN_INT_CONVERSION = YES;
				CLANG_WARN_NON_LITERAL_NULL_CONVERSION = YES;
				CLANG_WARN_OBJC_IMPLICIT_RETAIN_SELF = YES;
				CLANG_WARN_OBJC_LITERAL_CONVERSION = YES;
				CLANG_WARN_OBJC_ROOT_CLASS = YES_ERROR;
				CLANG_WARN_QUOTED_INCLUDE_IN_FRAMEWORK_HEADER = YES;
				CLANG_WARN_RANGE_LOOP_ANALYSIS = YES;
				CLANG_WARN_STRICT_PROTOTYPES = YES;
				CLANG_WARN_SUSPICIOUS_MOVE = YES;
				CLANG_WARN_UNGUARDED_AVAILABILITY = YES_AGGRESSIVE;
				CLANG_WARN_UNREACHABLE_CODE = YES;
				CLANG_WARN__DUPLICATE_METHOD_MATCH = YES;
				COPY_PHASE_STRIP = NO;
				DEBUG_INFORMATION_FORMAT = dwarf;
				ENABLE_STRICT_OBJC_MSGSEND = YES;
				ENABLE_TESTABILITY = YES;
				GCC_C_LANGUAGE_STANDARD = gnu11;
				GCC_DYNAMIC_NO_PIC = NO;
				GCC_NO_COMMON_BLOCKS = YES;
				GCC_OPTIMIZATION_LEVEL = 0;
				GCC_PREPROCESSOR_DEFINITIONS = (
					"DEBUG=1",
					"$(inherited)",
				);
				GCC_WARN_64_TO_32_BIT_CONVERSION = YES;
				GCC_WARN_ABOUT_RETURN_TYPE = YES_ERROR;
				GCC_WARN_UNDECLARED_SELECTOR = YES;
				GCC_WARN_UNINITIALIZED_AUTOS = YES_AGGRESSIVE;
				GCC_WARN_UNUSED_FUNCTION = YES;
				GCC_WARN_UNUSED_VARIABLE = YES;
				IPHONEOS_DEPLOYMENT_TARGET = 13.1;
				MTL_ENABLE_DEBUG_INFO = INCLUDE_SOURCE;
				MTL_FAST_MATH = YES;
				ONLY_ACTIVE_ARCH = YES;
				SDKROOT = iphoneos;
				SWIFT_ACTIVE_COMPILATION_CONDITIONS = DEBUG;
				SWIFT_OPTIMIZATION_LEVEL = "-Onone";
			};
			name = Debug;
		};
		3BCFB07623565FFE00A1789A /* Release */ = {
			isa = XCBuildConfiguration;
			buildSettings = {
				ALWAYS_SEARCH_USER_PATHS = NO;
				CLANG_ANALYZER_NONNULL = YES;
				CLANG_ANALYZER_NUMBER_OBJECT_CONVERSION = YES_AGGRESSIVE;
				CLANG_CXX_LANGUAGE_STANDARD = "gnu++14";
				CLANG_CXX_LIBRARY = "libc++";
				CLANG_ENABLE_MODULES = YES;
				CLANG_ENABLE_OBJC_ARC = YES;
				CLANG_ENABLE_OBJC_WEAK = YES;
				CLANG_WARN_BLOCK_CAPTURE_AUTORELEASING = YES;
				CLANG_WARN_BOOL_CONVERSION = YES;
				CLANG_WARN_COMMA = YES;
				CLANG_WARN_CONSTANT_CONVERSION = YES;
				CLANG_WARN_DEPRECATED_OBJC_IMPLEMENTATIONS = YES;
				CLANG_WARN_DIRECT_OBJC_ISA_USAGE = YES_ERROR;
				CLANG_WARN_DOCUMENTATION_COMMENTS = YES;
				CLANG_WARN_EMPTY_BODY = YES;
				CLANG_WARN_ENUM_CONVERSION = YES;
				CLANG_WARN_INFINITE_RECURSION = YES;
				CLANG_WARN_INT_CONVERSION = YES;
				CLANG_WARN_NON_LITERAL_NULL_CONVERSION = YES;
				CLANG_WARN_OBJC_IMPLICIT_RETAIN_SELF = YES;
				CLANG_WARN_OBJC_LITERAL_CONVERSION = YES;
				CLANG_WARN_OBJC_ROOT_CLASS = YES_ERROR;
				CLANG_WARN_QUOTED_INCLUDE_IN_FRAMEWORK_HEADER = YES;
				CLANG_WARN_RANGE_LOOP_ANALYSIS = YES;
				CLANG_WARN_STRICT_PROTOTYPES = YES;
				CLANG_WARN_SUSPICIOUS_MOVE = YES;
				CLANG_WARN_UNGUARDED_AVAILABILITY = YES_AGGRESSIVE;
				CLANG_WARN_UNREACHABLE_CODE = YES;
				CLANG_WARN__DUPLICATE_METHOD_MATCH = YES;
				COPY_PHASE_STRIP = NO;
				DEBUG_INFORMATION_FORMAT = "dwarf-with-dsym";
				ENABLE_NS_ASSERTIONS = NO;
				ENABLE_STRICT_OBJC_MSGSEND = YES;
				GCC_C_LANGUAGE_STANDARD = gnu11;
				GCC_NO_COMMON_BLOCKS = YES;
				GCC_WARN_64_TO_32_BIT_CONVERSION = YES;
				GCC_WARN_ABOUT_RETURN_TYPE = YES_ERROR;
				GCC_WARN_UNDECLARED_SELECTOR = YES;
				GCC_WARN_UNINITIALIZED_AUTOS = YES_AGGRESSIVE;
				GCC_WARN_UNUSED_FUNCTION = YES;
				GCC_WARN_UNUSED_VARIABLE = YES;
				IPHONEOS_DEPLOYMENT_TARGET = 13.1;
				MTL_ENABLE_DEBUG_INFO = NO;
				MTL_FAST_MATH = YES;
				SDKROOT = iphoneos;
				SWIFT_COMPILATION_MODE = wholemodule;
				SWIFT_OPTIMIZATION_LEVEL = "-O";
				VALIDATE_PRODUCT = YES;
			};
			name = Release;
		};
		3BCFB07823565FFE00A1789A /* Debug */ = {
			isa = XCBuildConfiguration;
			buildSettings = {
				ASSETCATALOG_COMPILER_APPICON_NAME = AppIcon;
				CODE_SIGN_STYLE = Automatic;
				DEVELOPMENT_ASSET_PATHS = "\"ListPosition/Preview Content\"";
				ENABLE_PREVIEWS = YES;
				INFOPLIST_FILE = ListPosition/Info.plist;
				LD_RUNPATH_SEARCH_PATHS = (
					"$(inherited)",
					"@executable_path/Frameworks",
				);
				PRODUCT_BUNDLE_IDENTIFIER = com.ListPosition;
				PRODUCT_NAME = "$(TARGET_NAME)";
				SWIFT_VERSION = 5.0;
				TARGETED_DEVICE_FAMILY = "1,2";
			};
			name = Debug;
		};
		3BCFB07923565FFE00A1789A /* Release */ = {
			isa = XCBuildConfiguration;
			buildSettings = {
				ASSETCATALOG_COMPILER_APPICON_NAME = AppIcon;
				CODE_SIGN_STYLE = Automatic;
				DEVELOPMENT_ASSET_PATHS = "\"ListPosition/Preview Content\"";
				ENABLE_PREVIEWS = YES;
				INFOPLIST_FILE = ListPosition/Info.plist;
				LD_RUNPATH_SEARCH_PATHS = (
					"$(inherited)",
					"@executable_path/Frameworks",
				);
				PRODUCT_BUNDLE_IDENTIFIER = com.ListPosition;
				PRODUCT_NAME = "$(TARGET_NAME)";
				SWIFT_VERSION = 5.0;
				TARGETED_DEVICE_FAMILY = "1,2";
			};
			name = Release;
		};
/* End XCBuildConfiguration section */

/* Begin XCConfigurationList section */
		3BCFB05E23565FFC00A1789A /* Build configuration list for PBXProject "ListPosition" */ = {
			isa = XCConfigurationList;
			buildConfigurations = (
				3BCFB07523565FFE00A1789A /* Debug */,
				3BCFB07623565FFE00A1789A /* Release */,
			);
			defaultConfigurationIsVisible = 0;
			defaultConfigurationName = Release;
		};
		3BCFB07723565FFE00A1789A /* Build configuration list for PBXNativeTarget "ListPosition" */ = {
			isa = XCConfigurationList;
			buildConfigurations = (
				3BCFB07823565FFE00A1789A /* Debug */,
				3BCFB07923565FFE00A1789A /* Release */,
			);
			defaultConfigurationIsVisible = 0;
			defaultConfigurationName = Release;
		};
/* End XCConfigurationList section */
	};
	rootObject = 3BCFB05B23565FFC00A1789A /* Project object */;
}
